
Microsoft Visual Studio Solution File, Format Version 12.00
# Visual Studio Version 17
VisualStudioVersion = 17.11.35327.3
MinimumVisualStudioVersion = 10.0.40219.1
Project("{FAE04EC0-301F-11D3-BF4B-00C04F79EFBC}") = "Week_02", "Week_02\Week_02.csproj", "{A171F3A8-C9C5-4F1C-94B4-427B5FD7AC3B}"
EndProject
Global
	GlobalSection(SolutionConfigurationPlatforms) = preSolution
		Debug|Any CPU = Debug|Any CPU
		Release|Any CPU = Release|Any CPU
	EndGlobalSection
	GlobalSection(ProjectConfigurationPlatforms) = postSolution
		{A171F3A8-C9C5-4F1C-94B4-427B5FD7AC3B}.Debug|Any CPU.ActiveCfg = Debug|Any CPU
		{A171F3A8-C9C5-4F1C-94B4-427B5FD7AC3B}.Debug|Any CPU.Build.0 = Debug|Any CPU
		{A171F3A8-C9C5-4F1C-94B4-427B5FD7AC3B}.Release|Any CPU.ActiveCfg = Release|Any CPU
		{A171F3A8-C9C5-4F1C-94B4-427B5FD7AC3B}.Release|Any CPU.Build.0 = Release|Any CPU
	EndGlobalSection
	GlobalSection(SolutionProperties) = preSolution
		HideSolutionNode = FALSE
	EndGlobalSection
	GlobalSection(ExtensibilityGlobals) = postSolution
		SolutionGuid = {F86B7019-F704-4B72-A919-A6D81767B737}
	EndGlobalSection
EndGlobal
