
Microsoft Visual Studio Solution File, Format Version 12.00
# Visual Studio Version 17
VisualStudioVersion = 17.11.35327.3
MinimumVisualStudioVersion = 10.0.40219.1
Project("{FAE04EC0-301F-11D3-BF4B-00C04F79EFBC}") = "WindowsFormsApp1", "WindowsFormsApp1\WindowsFormsApp1.csproj", "{C7ADA5C0-12DA-4C16-B4FC-14055A71AEA5}"
EndProject
Project("{FAE04EC0-301F-11D3-BF4B-00C04F79EFBC}") = "DemoMyClass", "DemoMyClass\DemoMyClass.csproj", "{B30FD4E4-546A-4437-BC38-E896B5B37DE0}"
EndProject
Global
	GlobalSection(SolutionConfigurationPlatforms) = preSolution
		Debug|Any CPU = Debug|Any CPU
		Release|Any CPU = Release|Any CPU
	EndGlobalSection
	GlobalSection(ProjectConfigurationPlatforms) = postSolution
		{C7ADA5C0-12DA-4C16-B4FC-14055A71AEA5}.Debug|Any CPU.ActiveCfg = Debug|Any CPU
		{C7ADA5C0-12DA-4C16-B4FC-14055A71AEA5}.Debug|Any CPU.Build.0 = Debug|Any CPU
		{C7ADA5C0-12DA-4C16-B4FC-14055A71AEA5}.Release|Any CPU.ActiveCfg = Release|Any CPU
		{C7ADA5C0-12DA-4C16-B4FC-14055A71AEA5}.Release|Any CPU.Build.0 = Release|Any CPU
		{B30FD4E4-546A-4437-BC38-E896B5B37DE0}.Debug|Any CPU.ActiveCfg = Debug|Any CPU
		{B30FD4E4-546A-4437-BC38-E896B5B37DE0}.Debug|Any CPU.Build.0 = Debug|Any CPU
		{B30FD4E4-546A-4437-BC38-E896B5B37DE0}.Release|Any CPU.ActiveCfg = Release|Any CPU
		{B30FD4E4-546A-4437-BC38-E896B5B37DE0}.Release|Any CPU.Build.0 = Release|Any CPU
	EndGlobalSection
	GlobalSection(SolutionProperties) = preSolution
		HideSolutionNode = FALSE
	EndGlobalSection
	GlobalSection(ExtensibilityGlobals) = postSolution
		SolutionGuid = {2A4E25FC-512B-41A4-8146-EB13B1B09A65}
	EndGlobalSection
EndGlobal
